
Microsoft Visual Studio Solution File, Format Version 12.00
# TcXaeShell Solution File, Format Version 11.00
VisualStudioVersion = 17.7.34302.85
MinimumVisualStudioVersion = 10.0.40219.1
Project("{B1E792BE-AA5F-4E3C-8C82-674BF9C0715B}") = "twincat-4026", "twincat-4026\twincat-4026.tsproj", "{5EC44121-C6FC-4623-A432-D0A93125826B}"
EndProject
Global
	GlobalSection(SolutionConfigurationPlatforms) = preSolution
		Debug|TwinCAT OS (ARMV7-A) = Debug|TwinCAT OS (ARMV7-A)
		Debug|TwinCAT OS (ARMV7-M) = Debug|TwinCAT OS (ARMV7-M)
		Debug|TwinCAT OS (ARMV8-A) = Debug|TwinCAT OS (ARMV8-A)
		Debug|TwinCAT OS (x64) = Debug|TwinCAT OS (x64)
		Debug|TwinCAT RT (x64) = Debug|TwinCAT RT (x64)
		Debug|TwinCAT RT (x86) = Debug|TwinCAT RT (x86)
		Release|TwinCAT OS (ARMV7-A) = Release|TwinCAT OS (ARMV7-A)
		Release|TwinCAT OS (ARMV7-M) = Release|TwinCAT OS (ARMV7-M)
		Release|TwinCAT OS (ARMV8-A) = Release|TwinCAT OS (ARMV8-A)
		Release|TwinCAT OS (x64) = Release|TwinCAT OS (x64)
		Release|TwinCAT RT (x64) = Release|TwinCAT RT (x64)
		Release|TwinCAT RT (x86) = Release|TwinCAT RT (x86)
	EndGlobalSection
	GlobalSection(ProjectConfigurationPlatforms) = postSolution
		{5EC44121-C6FC-4623-A432-D0A93125826B}.Debug|TwinCAT OS (ARMV7-A).ActiveCfg = Debug|TwinCAT OS (ARMV7-A)
		{5EC44121-C6FC-4623-A432-D0A93125826B}.Debug|TwinCAT OS (ARMV7-A).Build.0 = Debug|TwinCAT OS (ARMV7-A)
		{5EC44121-C6FC-4623-A432-D0A93125826B}.Debug|TwinCAT OS (ARMV7-M).ActiveCfg = Debug|TwinCAT OS (ARMV7-M)
		{5EC44121-C6FC-4623-A432-D0A93125826B}.Debug|TwinCAT OS (ARMV7-M).Build.0 = Debug|TwinCAT OS (ARMV7-M)
		{5EC44121-C6FC-4623-A432-D0A93125826B}.Debug|TwinCAT OS (ARMV8-A).ActiveCfg = Debug|TwinCAT OS (ARMV8-A)
		{5EC44121-C6FC-4623-A432-D0A93125826B}.Debug|TwinCAT OS (ARMV8-A).Build.0 = Debug|TwinCAT OS (ARMV8-A)
		{5EC44121-C6FC-4623-A432-D0A93125826B}.Debug|TwinCAT OS (x64).ActiveCfg = Debug|TwinCAT OS (x64)
		{5EC44121-C6FC-4623-A432-D0A93125826B}.Debug|TwinCAT OS (x64).Build.0 = Debug|TwinCAT OS (x64)
		{5EC44121-C6FC-4623-A432-D0A93125826B}.Debug|TwinCAT RT (x64).ActiveCfg = Debug|TwinCAT RT (x64)
		{5EC44121-C6FC-4623-A432-D0A93125826B}.Debug|TwinCAT RT (x64).Build.0 = Debug|TwinCAT RT (x64)
		{5EC44121-C6FC-4623-A432-D0A93125826B}.Debug|TwinCAT RT (x86).ActiveCfg = Debug|TwinCAT RT (x86)
		{5EC44121-C6FC-4623-A432-D0A93125826B}.Debug|TwinCAT RT (x86).Build.0 = Debug|TwinCAT RT (x86)
		{5EC44121-C6FC-4623-A432-D0A93125826B}.Release|TwinCAT OS (ARMV7-A).ActiveCfg = Release|TwinCAT OS (ARMV7-A)
		{5EC44121-C6FC-4623-A432-D0A93125826B}.Release|TwinCAT OS (ARMV7-A).Build.0 = Release|TwinCAT OS (ARMV7-A)
		{5EC44121-C6FC-4623-A432-D0A93125826B}.Release|TwinCAT OS (ARMV7-M).ActiveCfg = Release|TwinCAT OS (ARMV7-M)
		{5EC44121-C6FC-4623-A432-D0A93125826B}.Release|TwinCAT OS (ARMV7-M).Build.0 = Release|TwinCAT OS (ARMV7-M)
		{5EC44121-C6FC-4623-A432-D0A93125826B}.Release|TwinCAT OS (ARMV8-A).ActiveCfg = Release|TwinCAT OS (ARMV8-A)
		{5EC44121-C6FC-4623-A432-D0A93125826B}.Release|TwinCAT OS (ARMV8-A).Build.0 = Release|TwinCAT OS (ARMV8-A)
		{5EC44121-C6FC-4623-A432-D0A93125826B}.Release|TwinCAT OS (x64).ActiveCfg = Release|TwinCAT OS (x64)
		{5EC44121-C6FC-4623-A432-D0A93125826B}.Release|TwinCAT OS (x64).Build.0 = Release|TwinCAT OS (x64)
		{5EC44121-C6FC-4623-A432-D0A93125826B}.Release|TwinCAT RT (x64).ActiveCfg = Release|TwinCAT RT (x64)
		{5EC44121-C6FC-4623-A432-D0A93125826B}.Release|TwinCAT RT (x64).Build.0 = Release|TwinCAT RT (x64)
		{5EC44121-C6FC-4623-A432-D0A93125826B}.Release|TwinCAT RT (x86).ActiveCfg = Release|TwinCAT RT (x86)
		{5EC44121-C6FC-4623-A432-D0A93125826B}.Release|TwinCAT RT (x86).Build.0 = Release|TwinCAT RT (x86)
		{312F2437-0C04-4B56-B232-815C5F7E35F1}.Debug|TwinCAT OS (ARMV7-A).ActiveCfg = Debug|TwinCAT OS (ARMV7-A)
		{312F2437-0C04-4B56-B232-815C5F7E35F1}.Debug|TwinCAT OS (ARMV7-A).Build.0 = Debug|TwinCAT OS (ARMV7-A)
		{312F2437-0C04-4B56-B232-815C5F7E35F1}.Debug|TwinCAT OS (ARMV7-M).ActiveCfg = Debug|TwinCAT OS (ARMV7-M)
		{312F2437-0C04-4B56-B232-815C5F7E35F1}.Debug|TwinCAT OS (ARMV7-M).Build.0 = Debug|TwinCAT OS (ARMV7-M)
		{312F2437-0C04-4B56-B232-815C5F7E35F1}.Debug|TwinCAT OS (ARMV8-A).ActiveCfg = Debug|TwinCAT OS (ARMV8-A)
		{312F2437-0C04-4B56-B232-815C5F7E35F1}.Debug|TwinCAT OS (ARMV8-A).Build.0 = Debug|TwinCAT OS (ARMV8-A)
		{312F2437-0C04-4B56-B232-815C5F7E35F1}.Debug|TwinCAT OS (x64).ActiveCfg = Debug|TwinCAT OS (x64)
		{312F2437-0C04-4B56-B232-815C5F7E35F1}.Debug|TwinCAT OS (x64).Build.0 = Debug|TwinCAT OS (x64)
		{312F2437-0C04-4B56-B232-815C5F7E35F1}.Debug|TwinCAT RT (x64).ActiveCfg = Debug|TwinCAT RT (x64)
		{312F2437-0C04-4B56-B232-815C5F7E35F1}.Debug|TwinCAT RT (x64).Build.0 = Debug|TwinCAT RT (x64)
		{312F2437-0C04-4B56-B232-815C5F7E35F1}.Debug|TwinCAT RT (x86).ActiveCfg = Debug|TwinCAT RT (x86)
		{312F2437-0C04-4B56-B232-815C5F7E35F1}.Debug|TwinCAT RT (x86).Build.0 = Debug|TwinCAT RT (x86)
		{312F2437-0C04-4B56-B232-815C5F7E35F1}.Release|TwinCAT OS (ARMV7-A).ActiveCfg = Release|TwinCAT OS (ARMV7-A)
		{312F2437-0C04-4B56-B232-815C5F7E35F1}.Release|TwinCAT OS (ARMV7-A).Build.0 = Release|TwinCAT OS (ARMV7-A)
		{312F2437-0C04-4B56-B232-815C5F7E35F1}.Release|TwinCAT OS (ARMV7-M).ActiveCfg = Release|TwinCAT OS (ARMV7-M)
		{312F2437-0C04-4B56-B232-815C5F7E35F1}.Release|TwinCAT OS (ARMV7-M).Build.0 = Release|TwinCAT OS (ARMV7-M)
		{312F2437-0C04-4B56-B232-815C5F7E35F1}.Release|TwinCAT OS (ARMV8-A).ActiveCfg = Release|TwinCAT OS (ARMV8-A)
		{312F2437-0C04-4B56-B232-815C5F7E35F1}.Release|TwinCAT OS (ARMV8-A).Build.0 = Release|TwinCAT OS (ARMV8-A)
		{312F2437-0C04-4B56-B232-815C5F7E35F1}.Release|TwinCAT OS (x64).ActiveCfg = Release|TwinCAT OS (x64)
		{312F2437-0C04-4B56-B232-815C5F7E35F1}.Release|TwinCAT OS (x64).Build.0 = Release|TwinCAT OS (x64)
		{312F2437-0C04-4B56-B232-815C5F7E35F1}.Release|TwinCAT RT (x64).ActiveCfg = Release|TwinCAT RT (x64)
		{312F2437-0C04-4B56-B232-815C5F7E35F1}.Release|TwinCAT RT (x64).Build.0 = Release|TwinCAT RT (x64)
		{312F2437-0C04-4B56-B232-815C5F7E35F1}.Release|TwinCAT RT (x86).ActiveCfg = Release|TwinCAT RT (x86)
		{312F2437-0C04-4B56-B232-815C5F7E35F1}.Release|TwinCAT RT (x86).Build.0 = Release|TwinCAT RT (x86)
	EndGlobalSection
	GlobalSection(SolutionProperties) = preSolution
		HideSolutionNode = FALSE
	EndGlobalSection
	GlobalSection(ExtensibilityGlobals) = postSolution
		SolutionGuid = {7CCBF756-3DD2-46D4-9F7D-C3C05C5266CD}
	EndGlobalSection
EndGlobal
